// !$*UTF8*$!
{
	archiveVersion = 1;
	classes = {
	};
	objectVersion = 46;
	objects = {

/* Begin PBXBuildFile section */
		C2E16ECE19BA10520091A3C8 /* main.m in Sources */ = {isa = PBXBuildFile; fileRef = C2E16ECD19BA10520091A3C8 /* main.m */; };
		C2E16ED119BA10520091A3C8 /* AppDelegate.m in Sources */ = {isa = PBXBuildFile; fileRef = C2E16ED019BA10520091A3C8 /* AppDelegate.m */; };
		C2E16ED419BA10520091A3C8 /* ViewController.m in Sources */ = {isa = PBXBuildFile; fileRef = C2E16ED319BA10520091A3C8 /* ViewController.m */; };
		C2E16ED719BA10520091A3C8 /* Main.storyboard in Resources */ = {isa = PBXBuildFile; fileRef = C2E16ED519BA10520091A3C8 /* Main.storyboard */; };
		C2E16ED919BA10520091A3C8 /* Images.xcassets in Resources */ = {isa = PBXBuildFile; fileRef = C2E16ED819BA10520091A3C8 /* Images.xcassets */; };
		C2E16EE519BA10520091A3C8 /* number_problemsTests.m in Sources */ = {isa = PBXBuildFile; fileRef = C2E16EE419BA10520091A3C8 /* number_problemsTests.m */; };
/* End PBXBuildFile section */

/* Begin PBXContainerItemProxy section */
		C2E16EDF19BA10520091A3C8 /* PBXContainerItemProxy */ = {
			isa = PBXContainerItemProxy;
			containerPortal = C2E16EC019BA10520091A3C8 /* Project object */;
			proxyType = 1;
			remoteGlobalIDString = C2E16EC719BA10520091A3C8;
			remoteInfo = "number-problems";
		};
/* End PBXContainerItemProxy section */

/* Begin PBXFileReference section */
		C2E16EC819BA10520091A3C8 /* number-problems.app */ = {isa = PBXFileReference; explicitFileType = wrapper.application; includeInIndex = 0; path = "number-problems.app"; sourceTree = BUILT_PRODUCTS_DIR; };
		C2E16ECC19BA10520091A3C8 /* Info.plist */ = {isa = PBXFileReference; lastKnownFileType = text.plist.xml; path = Info.plist; sourceTree = "<group>"; };
		C2E16ECD19BA10520091A3C8 /* main.m */ = {isa = PBXFileReference; lastKnownFileType = sourcecode.c.objc; path = main.m; sourceTree = "<group>"; };
		C2E16ECF19BA10520091A3C8 /* AppDelegate.h */ = {isa = PBXFileReference; lastKnownFileType = sourcecode.c.h; path = AppDelegate.h; sourceTree = "<group>"; };
		C2E16ED019BA10520091A3C8 /* AppDelegate.m */ = {isa = PBXFileReference; lastKnownFileType = sourcecode.c.objc; path = AppDelegate.m; sourceTree = "<group>"; };
		C2E16ED219BA10520091A3C8 /* ViewController.h */ = {isa = PBXFileReference; lastKnownFileType = sourcecode.c.h; path = ViewController.h; sourceTree = "<group>"; };
		C2E16ED319BA10520091A3C8 /* ViewController.m */ = {isa = PBXFileReference; lastKnownFileType = sourcecode.c.objc; path = ViewController.m; sourceTree = "<group>"; };
		C2E16ED619BA10520091A3C8 /* Base */ = {isa = PBXFileReference; lastKnownFileType = file.storyboard; name = Base; path = Base.lproj/Main.storyboard; sourceTree = "<group>"; };
		C2E16ED819BA10520091A3C8 /* Images.xcassets */ = {isa = PBXFileReference; lastKnownFileType = folder.assetcatalog; path = Images.xcassets; sourceTree = "<group>"; };
		C2E16EDE19BA10520091A3C8 /* number-problemsTests.xctest */ = {isa = PBXFileReference; explicitFileType = wrapper.cfbundle; includeInIndex = 0; path = "number-problemsTests.xctest"; sourceTree = BUILT_PRODUCTS_DIR; };
		C2E16EE319BA10520091A3C8 /* Info.plist */ = {isa = PBXFileReference; lastKnownFileType = text.plist.xml; path = Info.plist; sourceTree = "<group>"; };
		C2E16EE419BA10520091A3C8 /* number_problemsTests.m */ = {isa = PBXFileReference; lastKnownFileType = sourcecode.c.objc; path = number_problemsTests.m; sourceTree = "<group>"; };
/* End PBXFileReference section */

/* Begin PBXFrameworksBuildPhase section */
		C2E16EC519BA10520091A3C8 /* Frameworks */ = {
			isa = PBXFrameworksBuildPhase;
			buildActionMask = 2147483647;
			files = (
			);
			runOnlyForDeploymentPostprocessing = 0;
		};
		C2E16EDB19BA10520091A3C8 /* Frameworks */ = {
			isa = PBXFrameworksBuildPhase;
			buildActionMask = 2147483647;
			files = (
			);
			runOnlyForDeploymentPostprocessing = 0;
		};
/* End PBXFrameworksBuildPhase section */

/* Begin PBXGroup section */
		C2E16EBF19BA10520091A3C8 = {
			isa = PBXGroup;
			children = (
				C2E16ECA19BA10520091A3C8 /* number-problems */,
				C2E16EE119BA10520091A3C8 /* number-problemsTests */,
				C2E16EC919BA10520091A3C8 /* Products */,
			);
			sourceTree = "<group>";
		};
		C2E16EC919BA10520091A3C8 /* Products */ = {
			isa = PBXGroup;
			children = (
				C2E16EC819BA10520091A3C8 /* number-problems.app */,
				C2E16EDE19BA10520091A3C8 /* number-problemsTests.xctest */,
			);
			name = Products;
			sourceTree = "<group>";
		};
		C2E16ECA19BA10520091A3C8 /* number-problems */ = {
			isa = PBXGroup;
			children = (
				C2E16ECF19BA10520091A3C8 /* AppDelegate.h */,
				C2E16ED019BA10520091A3C8 /* AppDelegate.m */,
				C2E16ED219BA10520091A3C8 /* ViewController.h */,
				C2E16ED319BA10520091A3C8 /* ViewController.m */,
				C2E16ED519BA10520091A3C8 /* Main.storyboard */,
				C2E16ED819BA10520091A3C8 /* Images.xcassets */,
				C2E16ECB19BA10520091A3C8 /* Supporting Files */,
			);
			path = "number-problems";
			sourceTree = "<group>";
		};
		C2E16ECB19BA10520091A3C8 /* Supporting Files */ = {
			isa = PBXGroup;
			children = (
				C2E16ECC19BA10520091A3C8 /* Info.plist */,
				C2E16ECD19BA10520091A3C8 /* main.m */,
			);
			name = "Supporting Files";
			sourceTree = "<group>";
		};
		C2E16EE119BA10520091A3C8 /* number-problemsTests */ = {
			isa = PBXGroup;
			children = (
				C2E16EE419BA10520091A3C8 /* number_problemsTests.m */,
				C2E16EE219BA10520091A3C8 /* Supporting Files */,
			);
			path = "number-problemsTests";
			sourceTree = "<group>";
		};
		C2E16EE219BA10520091A3C8 /* Supporting Files */ = {
			isa = PBXGroup;
			children = (
				C2E16EE319BA10520091A3C8 /* Info.plist */,
			);
			name = "Supporting Files";
			sourceTree = "<group>";
		};
/* End PBXGroup section */

/* Begin PBXNativeTarget section */
		C2E16EC719BA10520091A3C8 /* number-problems */ = {
			isa = PBXNativeTarget;
			buildConfigurationList = C2E16EE819BA10520091A3C8 /* Build configuration list for PBXNativeTarget "number-problems" */;
			buildPhases = (
				C2E16EC419BA10520091A3C8 /* Sources */,
				C2E16EC519BA10520091A3C8 /* Frameworks */,
				C2E16EC619BA10520091A3C8 /* Resources */,
			);
			buildRules = (
			);
			dependencies = (
			);
			name = "number-problems";
			productName = "number-problems";
			productReference = C2E16EC819BA10520091A3C8 /* number-problems.app */;
			productType = "com.apple.product-type.application";
		};
		C2E16EDD19BA10520091A3C8 /* number-problemsTests */ = {
			isa = PBXNativeTarget;
			buildConfigurationList = C2E16EEB19BA10520091A3C8 /* Build configuration list for PBXNativeTarget "number-problemsTests" */;
			buildPhases = (
				C2E16EDA19BA10520091A3C8 /* Sources */,
				C2E16EDB19BA10520091A3C8 /* Frameworks */,
				C2E16EDC19BA10520091A3C8 /* Resources */,
			);
			buildRules = (
			);
			dependencies = (
				C2E16EE019BA10520091A3C8 /* PBXTargetDependency */,
			);
			name = "number-problemsTests";
			productName = "number-problemsTests";
			productReference = C2E16EDE19BA10520091A3C8 /* number-problemsTests.xctest */;
			productType = "com.apple.product-type.bundle.unit-test";
		};
/* End PBXNativeTarget section */

/* Begin PBXProject section */
		C2E16EC019BA10520091A3C8 /* Project object */ = {
			isa = PBXProject;
			attributes = {
				LastUpgradeCheck = 0600;
				ORGANIZATIONNAME = "Margaret Blue";
				TargetAttributes = {
					C2E16EC719BA10520091A3C8 = {
						CreatedOnToolsVersion = 6.0;
					};
					C2E16EDD19BA10520091A3C8 = {
						CreatedOnToolsVersion = 6.0;
						TestTargetID = C2E16EC719BA10520091A3C8;
					};
				};
			};
			buildConfigurationList = C2E16EC319BA10520091A3C8 /* Build configuration list for PBXProject "number-problems" */;
			compatibilityVersion = "Xcode 3.2";
			developmentRegion = English;
			hasScannedForEncodings = 0;
			knownRegions = (
				en,
				Base,
			);
			mainGroup = C2E16EBF19BA10520091A3C8;
			productRefGroup = C2E16EC919BA10520091A3C8 /* Products */;
			projectDirPath = "";
			projectRoot = "";
			targets = (
				C2E16EC719BA10520091A3C8 /* number-problems */,
				C2E16EDD19BA10520091A3C8 /* number-problemsTests */,
			);
		};
/* End PBXProject section */

/* Begin PBXResourcesBuildPhase section */
		C2E16EC619BA10520091A3C8 /* Resources */ = {
			isa = PBXResourcesBuildPhase;
			buildActionMask = 2147483647;
			files = (
				C2E16ED719BA10520091A3C8 /* Main.storyboard in Resources */,
				C2E16ED919BA10520091A3C8 /* Images.xcassets in Resources */,
			);
			runOnlyForDeploymentPostprocessing = 0;
		};
		C2E16EDC19BA10520091A3C8 /* Resources */ = {
			isa = PBXResourcesBuildPhase;
			buildActionMask = 2147483647;
			files = (
			);
			runOnlyForDeploymentPostprocessing = 0;
		};
/* End PBXResourcesBuildPhase section */

/* Begin PBXSourcesBuildPhase section */
		C2E16EC419BA10520091A3C8 /* Sources */ = {
			isa = PBXSourcesBuildPhase;
			buildActionMask = 2147483647;
			files = (
				C2E16ED419BA10520091A3C8 /* ViewController.m in Sources */,
				C2E16ED119BA10520091A3C8 /* AppDelegate.m in Sources */,
				C2E16ECE19BA10520091A3C8 /* main.m in Sources */,
			);
			runOnlyForDeploymentPostprocessing = 0;
		};
		C2E16EDA19BA10520091A3C8 /* Sources */ = {
			isa = PBXSourcesBuildPhase;
			buildActionMask = 2147483647;
			files = (
				C2E16EE519BA10520091A3C8 /* number_problemsTests.m in Sources */,
			);
			runOnlyForDeploymentPostprocessing = 0;
		};
/* End PBXSourcesBuildPhase section */

/* Begin PBXTargetDependency section */
		C2E16EE019BA10520091A3C8 /* PBXTargetDependency */ = {
			isa = PBXTargetDependency;
			target = C2E16EC719BA10520091A3C8 /* number-problems */;
			targetProxy = C2E16EDF19BA10520091A3C8 /* PBXContainerItemProxy */;
		};
/* End PBXTargetDependency section */

/* Begin PBXVariantGroup section */
		C2E16ED519BA10520091A3C8 /* Main.storyboard */ = {
			isa = PBXVariantGroup;
			children = (
				C2E16ED619BA10520091A3C8 /* Base */,
			);
			name = Main.storyboard;
			sourceTree = "<group>";
		};
/* End PBXVariantGroup section */

/* Begin XCBuildConfiguration section */
		C2E16EE619BA10520091A3C8 /* Debug */ = {
			isa = XCBuildConfiguration;
			buildSettings = {
				ALWAYS_SEARCH_USER_PATHS = NO;
				CLANG_CXX_LANGUAGE_STANDARD = "gnu++0x";
				CLANG_CXX_LIBRARY = "libc++";
				CLANG_ENABLE_MODULES = YES;
				CLANG_ENABLE_OBJC_ARC = YES;
				CLANG_WARN_BOOL_CONVERSION = YES;
				CLANG_WARN_CONSTANT_CONVERSION = YES;
				CLANG_WARN_DIRECT_OBJC_ISA_USAGE = YES_ERROR;
				CLANG_WARN_EMPTY_BODY = YES;
				CLANG_WARN_ENUM_CONVERSION = YES;
				CLANG_WARN_INT_CONVERSION = YES;
				CLANG_WARN_OBJC_ROOT_CLASS = YES_ERROR;
				CLANG_WARN_UNREACHABLE_CODE = YES;
				CLANG_WARN__DUPLICATE_METHOD_MATCH = YES;
				"CODE_SIGN_IDENTITY[sdk=iphoneos*]" = "iPhone Developer";
				COPY_PHASE_STRIP = NO;
				ENABLE_STRICT_OBJC_MSGSEND = YES;
				GCC_C_LANGUAGE_STANDARD = gnu99;
				GCC_DYNAMIC_NO_PIC = NO;
				GCC_OPTIMIZATION_LEVEL = 0;
				GCC_PREPROCESSOR_DEFINITIONS = (
					"DEBUG=1",
					"$(inherited)",
				);
				GCC_SYMBOLS_PRIVATE_EXTERN = NO;
				GCC_WARN_64_TO_32_BIT_CONVERSION = YES;
				GCC_WARN_ABOUT_RETURN_TYPE = YES_ERROR;
				GCC_WARN_UNDECLARED_SELECTOR = YES;
				GCC_WARN_UNINITIALIZED_AUTOS = YES_AGGRESSIVE;
				GCC_WARN_UNUSED_FUNCTION = YES;
				GCC_WARN_UNUSED_VARIABLE = YES;
				IPHONEOS_DEPLOYMENT_TARGET = 8.0;
				MTL_ENABLE_DEBUG_INFO = YES;
				ONLY_ACTIVE_ARCH = YES;
				SDKROOT = iphoneos;
			};
			name = Debug;
		};
		C2E16EE719BA10520091A3C8 /* Release */ = {
			isa = XCBuildConfiguration;
			buildSettings = {
				ALWAYS_SEARCH_USER_PATHS = NO;
				CLANG_CXX_LANGUAGE_STANDARD = "gnu++0x";
				CLANG_CXX_LIBRARY = "libc++";
				CLANG_ENABLE_MODULES = YES;
				CLANG_ENABLE_OBJC_ARC = YES;
				CLANG_WARN_BOOL_CONVERSION = YES;
				CLANG_WARN_CONSTANT_CONVERSION = YES;
				CLANG_WARN_DIRECT_OBJC_ISA_USAGE = YES_ERROR;
				CLANG_WARN_EMPTY_BODY = YES;
				CLANG_WARN_ENUM_CONVERSION = YES;
				CLANG_WARN_INT_CONVERSION = YES;
				CLANG_WARN_OBJC_ROOT_CLASS = YES_ERROR;
				CLANG_WARN_UNREACHABLE_CODE = YES;
				CLANG_WARN__DUPLICATE_METHOD_MATCH = YES;
				"CODE_SIGN_IDENTITY[sdk=iphoneos*]" = "iPhone Developer";
				COPY_PHASE_STRIP = YES;
				ENABLE_NS_ASSERTIONS = NO;
				ENABLE_STRICT_OBJC_MSGSEND = YES;
				GCC_C_LANGUAGE_STANDARD = gnu99;
				GCC_WARN_64_TO_32_BIT_CONVERSION = YES;
				GCC_WARN_ABOUT_RETURN_TYPE = YES_ERROR;
				GCC_WARN_UNDECLARED_SELECTOR = YES;
				GCC_WARN_UNINITIALIZED_AUTOS = YES_AGGRESSIVE;
				GCC_WARN_UNUSED_FUNCTION = YES;
				GCC_WARN_UNUSED_VARIABLE = YES;
				IPHONEOS_DEPLOYMENT_TARGET = 8.0;
				MTL_ENABLE_DEBUG_INFO = NO;
				SDKROOT = iphoneos;
				VALIDATE_PRODUCT = YES;
			};
			name = Release;
		};
		C2E16EE919BA10520091A3C8 /* Debug */ = {
			isa = XCBuildConfiguration;
			buildSettings = {
				ASSETCATALOG_COMPILER_APPICON_NAME = AppIcon;
				ASSETCATALOG_COMPILER_LAUNCHIMAGE_NAME = LaunchImage;
				INFOPLIST_FILE = "number-problems/Info.plist";
				LD_RUNPATH_SEARCH_PATHS = "$(inherited) @executable_path/Frameworks";
				PRODUCT_NAME = "$(TARGET_NAME)";
			};
			name = Debug;
		};
		C2E16EEA19BA10520091A3C8 /* Release */ = {
			isa = XCBuildConfiguration;
			buildSettings = {
				ASSETCATALOG_COMPILER_APPICON_NAME = AppIcon;
				ASSETCATALOG_COMPILER_LAUNCHIMAGE_NAME = LaunchImage;
				INFOPLIST_FILE = "number-problems/Info.plist";
				LD_RUNPATH_SEARCH_PATHS = "$(inherited) @executable_path/Frameworks";
				PRODUCT_NAME = "$(TARGET_NAME)";
			};
			name = Release;
		};
		C2E16EEC19BA10520091A3C8 /* Debug */ = {
			isa = XCBuildConfiguration;
			buildSettings = {
				BUNDLE_LOADER = "$(TEST_HOST)";
				FRAMEWORK_SEARCH_PATHS = (
					"$(SDKROOT)/Developer/Library/Frameworks",
					"$(inherited)",
				);
				GCC_PREPROCESSOR_DEFINITIONS = (
					"DEBUG=1",
					"$(inherited)",
				);
				INFOPLIST_FILE = "number-problemsTests/Info.plist";
				LD_RUNPATH_SEARCH_PATHS = "$(inherited) @executable_path/Frameworks @loader_path/Frameworks";
				PRODUCT_NAME = "$(TARGET_NAME)";
				TEST_HOST = "$(BUILT_PRODUCTS_DIR)/number-problems.app/number-problems";
			};
			name = Debug;
		};
		C2E16EED19BA10520091A3C8 /* Release */ = {
			isa = XCBuildConfiguration;
			buildSettings = {
				BUNDLE_LOADER = "$(TEST_HOST)";
				FRAMEWORK_SEARCH_PATHS = (
					"$(SDKROOT)/Developer/Library/Frameworks",
					"$(inherited)",
				);
				INFOPLIST_FILE = "number-problemsTests/Info.plist";
				LD_RUNPATH_SEARCH_PATHS = "$(inherited) @executable_path/Frameworks @loader_path/Frameworks";
				PRODUCT_NAME = "$(TARGET_NAME)";
				TEST_HOST = "$(BUILT_PRODUCTS_DIR)/number-problems.app/number-problems";
			};
			name = Release;
		};
/* End XCBuildConfiguration section */

/* Begin XCConfigurationList section */
		C2E16EC319BA10520091A3C8 /* Build configuration list for PBXProject "number-problems" */ = {
			isa = XCConfigurationList;
			buildConfigurations = (
				C2E16EE619BA10520091A3C8 /* Debug */,
				C2E16EE719BA10520091A3C8 /* Release */,
			);
			defaultConfigurationIsVisible = 0;
			defaultConfigurationName = Release;
		};
		C2E16EE819BA10520091A3C8 /* Build configuration list for PBXNativeTarget "number-problems" */ = {
			isa = XCConfigurationList;
			buildConfigurations = (
				C2E16EE919BA10520091A3C8 /* Debug */,
				C2E16EEA19BA10520091A3C8 /* Release */,
			);
			defaultConfigurationIsVisible = 0;
		};
		C2E16EEB19BA10520091A3C8 /* Build configuration list for PBXNativeTarget "number-problemsTests" */ = {
			isa = XCConfigurationList;
			buildConfigurations = (
				C2E16EEC19BA10520091A3C8 /* Debug */,
				C2E16EED19BA10520091A3C8 /* Release */,
			);
			defaultConfigurationIsVisible = 0;
		};
/* End XCConfigurationList section */
	};
	rootObject = C2E16EC019BA10520091A3C8 /* Project object */;
}
